// !$*UTF8*$!
{
	archiveVersion = 1;
	classes = {
	};
	objectVersion = 46;
	objects = {

/* Begin PBXBuildFile section */
		189129691BEE4A1B009BEAF0 /* AppDelegate.swift in Sources */ = {isa = PBXBuildFile; fileRef = 189129681BEE4A1B009BEAF0 /* AppDelegate.swift */; };
		1891296B1BEE4A1B009BEAF0 /* ViewController.swift in Sources */ = {isa = PBXBuildFile; fileRef = 1891296A1BEE4A1B009BEAF0 /* ViewController.swift */; };
		1891296E1BEE4A1B009BEAF0 /* Main.storyboard in Resources */ = {isa = PBXBuildFile; fileRef = 1891296C1BEE4A1B009BEAF0 /* Main.storyboard */; };
		189129701BEE4A1B009BEAF0 /* Assets.xcassets in Resources */ = {isa = PBXBuildFile; fileRef = 1891296F1BEE4A1B009BEAF0 /* Assets.xcassets */; };
		189129731BEE4A1B009BEAF0 /* LaunchScreen.storyboard in Resources */ = {isa = PBXBuildFile; fileRef = 189129711BEE4A1B009BEAF0 /* LaunchScreen.storyboard */; };
		1891297B1BEE5076009BEAF0 /* 灯泡.jpg in Resources */ = {isa = PBXBuildFile; fileRef = 1891297A1BEE5076009BEAF0 /* 灯泡.jpg */; };
/* End PBXBuildFile section */

/* Begin PBXFileReference section */
		189129651BEE4A1B009BEAF0 /* 2_UIButton.app */ = {isa = PBXFileReference; explicitFileType = wrapper.application; includeInIndex = 0; path = 2_UIButton.app; sourceTree = BUILT_PRODUCTS_DIR; };
		189129681BEE4A1B009BEAF0 /* AppDelegate.swift */ = {isa = PBXFileReference; lastKnownFileType = sourcecode.swift; path = AppDelegate.swift; sourceTree = "<group>"; };
		1891296A1BEE4A1B009BEAF0 /* ViewController.swift */ = {isa = PBXFileReference; lastKnownFileType = sourcecode.swift; path = ViewController.swift; sourceTree = "<group>"; };
		1891296D1BEE4A1B009BEAF0 /* Base */ = {isa = PBXFileReference; lastKnownFileType = file.storyboard; name = Base; path = Base.lproj/Main.storyboard; sourceTree = "<group>"; };
		1891296F1BEE4A1B009BEAF0 /* Assets.xcassets */ = {isa = PBXFileReference; lastKnownFileType = folder.assetcatalog; path = Assets.xcassets; sourceTree = "<group>"; };
		189129721BEE4A1B009BEAF0 /* Base */ = {isa = PBXFileReference; lastKnownFileType = file.storyboard; name = Base; path = Base.lproj/LaunchScreen.storyboard; sourceTree = "<group>"; };
		189129741BEE4A1B009BEAF0 /* Info.plist */ = {isa = PBXFileReference; lastKnownFileType = text.plist.xml; path = Info.plist; sourceTree = "<group>"; };
		1891297A1BEE5076009BEAF0 /* 灯泡.jpg */ = {isa = PBXFileReference; lastKnownFileType = image.jpeg; path = "灯泡.jpg"; sourceTree = "<group>"; };
/* End PBXFileReference section */

/* Begin PBXFrameworksBuildPhase section */
		189129621BEE4A1B009BEAF0 /* Frameworks */ = {
			isa = PBXFrameworksBuildPhase;
			buildActionMask = 2147483647;
			files = (
			);
			runOnlyForDeploymentPostprocessing = 0;
		};
/* End PBXFrameworksBuildPhase section */

/* Begin PBXGroup section */
		1891295C1BEE4A1B009BEAF0 = {
			isa = PBXGroup;
			children = (
				189129671BEE4A1B009BEAF0 /* 2_UIButton */,
				189129661BEE4A1B009BEAF0 /* Products */,
			);
			sourceTree = "<group>";
		};
		189129661BEE4A1B009BEAF0 /* Products */ = {
			isa = PBXGroup;
			children = (
				189129651BEE4A1B009BEAF0 /* 2_UIButton.app */,
			);
			name = Products;
			sourceTree = "<group>";
		};
		189129671BEE4A1B009BEAF0 /* 2_UIButton */ = {
			isa = PBXGroup;
			children = (
				189129681BEE4A1B009BEAF0 /* AppDelegate.swift */,
				1891296A1BEE4A1B009BEAF0 /* ViewController.swift */,
				1891297A1BEE5076009BEAF0 /* 灯泡.jpg */,
				1891296C1BEE4A1B009BEAF0 /* Main.storyboard */,
				1891296F1BEE4A1B009BEAF0 /* Assets.xcassets */,
				189129711BEE4A1B009BEAF0 /* LaunchScreen.storyboard */,
				189129741BEE4A1B009BEAF0 /* Info.plist */,
			);
			path = 2_UIButton;
			sourceTree = "<group>";
		};
/* End PBXGroup section */

/* Begin PBXNativeTarget section */
		189129641BEE4A1B009BEAF0 /* 2_UIButton */ = {
			isa = PBXNativeTarget;
			buildConfigurationList = 189129771BEE4A1B009BEAF0 /* Build configuration list for PBXNativeTarget "2_UIButton" */;
			buildPhases = (
				189129611BEE4A1B009BEAF0 /* Sources */,
				189129621BEE4A1B009BEAF0 /* Frameworks */,
				189129631BEE4A1B009BEAF0 /* Resources */,
			);
			buildRules = (
			);
			dependencies = (
			);
			name = 2_UIButton;
			productName = 2_UIButton;
			productReference = 189129651BEE4A1B009BEAF0 /* 2_UIButton.app */;
			productType = "com.apple.product-type.application";
		};
/* End PBXNativeTarget section */

/* Begin PBXProject section */
		1891295D1BEE4A1B009BEAF0 /* Project object */ = {
			isa = PBXProject;
			attributes = {
				LastSwiftUpdateCheck = 0710;
				LastUpgradeCheck = 0710;
				ORGANIZATIONNAME = apple;
				TargetAttributes = {
					189129641BEE4A1B009BEAF0 = {
						CreatedOnToolsVersion = 7.1;
					};
				};
			};
			buildConfigurationList = 189129601BEE4A1B009BEAF0 /* Build configuration list for PBXProject "2_UIButton" */;
			compatibilityVersion = "Xcode 3.2";
			developmentRegion = English;
			hasScannedForEncodings = 0;
			knownRegions = (
				en,
				Base,
			);
			mainGroup = 1891295C1BEE4A1B009BEAF0;
			productRefGroup = 189129661BEE4A1B009BEAF0 /* Products */;
			projectDirPath = "";
			projectRoot = "";
			targets = (
				189129641BEE4A1B009BEAF0 /* 2_UIButton */,
			);
		};
/* End PBXProject section */

/* Begin PBXResourcesBuildPhase section */
		189129631BEE4A1B009BEAF0 /* Resources */ = {
			isa = PBXResourcesBuildPhase;
			buildActionMask = 2147483647;
			files = (
				189129731BEE4A1B009BEAF0 /* LaunchScreen.storyboard in Resources */,
				1891297B1BEE5076009BEAF0 /* 灯泡.jpg in Resources */,
				189129701BEE4A1B009BEAF0 /* Assets.xcassets in Resources */,
				1891296E1BEE4A1B009BEAF0 /* Main.storyboard in Resources */,
			);
			runOnlyForDeploymentPostprocessing = 0;
		};
/* End PBXResourcesBuildPhase section */

/* Begin PBXSourcesBuildPhase section */
		189129611BEE4A1B009BEAF0 /* Sources */ = {
			isa = PBXSourcesBuildPhase;
			buildActionMask = 2147483647;
			files = (
				1891296B1BEE4A1B009BEAF0 /* ViewController.swift in Sources */,
				189129691BEE4A1B009BEAF0 /* AppDelegate.swift in Sources */,
			);
			runOnlyForDeploymentPostprocessing = 0;
		};
/* End PBXSourcesBuildPhase section */

/* Begin PBXVariantGroup section */
		1891296C1BEE4A1B009BEAF0 /* Main.storyboard */ = {
			isa = PBXVariantGroup;
			children = (
				1891296D1BEE4A1B009BEAF0 /* Base */,
			);
			name = Main.storyboard;
			sourceTree = "<group>";
		};
		189129711BEE4A1B009BEAF0 /* LaunchScreen.storyboard */ = {
			isa = PBXVariantGroup;
			children = (
				189129721BEE4A1B009BEAF0 /* Base */,
			);
			name = LaunchScreen.storyboard;
			sourceTree = "<group>";
		};
/* End PBXVariantGroup section */

/* Begin XCBuildConfiguration section */
		189129751BEE4A1B009BEAF0 /* Debug */ = {
			isa = XCBuildConfiguration;
			buildSettings = {
				ALWAYS_SEARCH_USER_PATHS = NO;
				CLANG_CXX_LANGUAGE_STANDARD = "gnu++0x";
				CLANG_CXX_LIBRARY = "libc++";
				CLANG_ENABLE_MODULES = YES;
				CLANG_ENABLE_OBJC_ARC = YES;
				CLANG_WARN_BOOL_CONVERSION = YES;
				CLANG_WARN_CONSTANT_CONVERSION = YES;
				CLANG_WARN_DIRECT_OBJC_ISA_USAGE = YES_ERROR;
				CLANG_WARN_EMPTY_BODY = YES;
				CLANG_WARN_ENUM_CONVERSION = YES;
				CLANG_WARN_INT_CONVERSION = YES;
				CLANG_WARN_OBJC_ROOT_CLASS = YES_ERROR;
				CLANG_WARN_UNREACHABLE_CODE = YES;
				CLANG_WARN__DUPLICATE_METHOD_MATCH = YES;
				"CODE_SIGN_IDENTITY[sdk=iphoneos*]" = "iPhone Developer";
				COPY_PHASE_STRIP = NO;
				DEBUG_INFORMATION_FORMAT = dwarf;
				ENABLE_STRICT_OBJC_MSGSEND = YES;
				ENABLE_TESTABILITY = YES;
				GCC_C_LANGUAGE_STANDARD = gnu99;
				GCC_DYNAMIC_NO_PIC = NO;
				GCC_NO_COMMON_BLOCKS = YES;
				GCC_OPTIMIZATION_LEVEL = 0;
				GCC_PREPROCESSOR_DEFINITIONS = (
					"DEBUG=1",
					"$(inherited)",
				);
				GCC_WARN_64_TO_32_BIT_CONVERSION = YES;
				GCC_WARN_ABOUT_RETURN_TYPE = YES_ERROR;
				GCC_WARN_UNDECLARED_SELECTOR = YES;
				GCC_WARN_UNINITIALIZED_AUTOS = YES_AGGRESSIVE;
				GCC_WARN_UNUSED_FUNCTION = YES;
				GCC_WARN_UNUSED_VARIABLE = YES;
				IPHONEOS_DEPLOYMENT_TARGET = 9.1;
				MTL_ENABLE_DEBUG_INFO = YES;
				ONLY_ACTIVE_ARCH = YES;
				SDKROOT = iphoneos;
				SWIFT_OPTIMIZATION_LEVEL = "-Onone";
				TARGETED_DEVICE_FAMILY = "1,2";
			};
			name = Debug;
		};
		189129761BEE4A1B009BEAF0 /* Release */ = {
			isa = XCBuildConfiguration;
			buildSettings = {
				ALWAYS_SEARCH_USER_PATHS = NO;
				CLANG_CXX_LANGUAGE_STANDARD = "gnu++0x";
				CLANG_CXX_LIBRARY = "libc++";
				CLANG_ENABLE_MODULES = YES;
				CLANG_ENABLE_OBJC_ARC = YES;
				CLANG_WARN_BOOL_CONVERSION = YES;
				CLANG_WARN_CONSTANT_CONVERSION = YES;
				CLANG_WARN_DIRECT_OBJC_ISA_USAGE = YES_ERROR;
				CLANG_WARN_EMPTY_BODY = YES;
				CLANG_WARN_ENUM_CONVERSION = YES;
				CLANG_WARN_INT_CONVERSION = YES;
				CLANG_WARN_OBJC_ROOT_CLASS = YES_ERROR;
				CLANG_WARN_UNREACHABLE_CODE = YES;
				CLANG_WARN__DUPLICATE_METHOD_MATCH = YES;
				"CODE_SIGN_IDENTITY[sdk=iphoneos*]" = "iPhone Developer";
				COPY_PHASE_STRIP = NO;
				DEBUG_INFORMATION_FORMAT = "dwarf-with-dsym";
				ENABLE_NS_ASSERTIONS = NO;
				ENABLE_STRICT_OBJC_MSGSEND = YES;
				GCC_C_LANGUAGE_STANDARD = gnu99;
				GCC_NO_COMMON_BLOCKS = YES;
				GCC_WARN_64_TO_32_BIT_CONVERSION = YES;
				GCC_WARN_ABOUT_RETURN_TYPE = YES_ERROR;
				GCC_WARN_UNDECLARED_SELECTOR = YES;
				GCC_WARN_UNINITIALIZED_AUTOS = YES_AGGRESSIVE;
				GCC_WARN_UNUSED_FUNCTION = YES;
				GCC_WARN_UNUSED_VARIABLE = YES;
				IPHONEOS_DEPLOYMENT_TARGET = 9.1;
				MTL_ENABLE_DEBUG_INFO = NO;
				SDKROOT = iphoneos;
				TARGETED_DEVICE_FAMILY = "1,2";
				VALIDATE_PRODUCT = YES;
			};
			name = Release;
		};
		189129781BEE4A1B009BEAF0 /* Debug */ = {
			isa = XCBuildConfiguration;
			buildSettings = {
				ASSETCATALOG_COMPILER_APPICON_NAME = AppIcon;
				INFOPLIST_FILE = 2_UIButton/Info.plist;
				LD_RUNPATH_SEARCH_PATHS = "$(inherited) @executable_path/Frameworks";
				PRODUCT_BUNDLE_IDENTIFIER = "YH.--UIButton";
				PRODUCT_NAME = "$(TARGET_NAME)";
			};
			name = Debug;
		};
		189129791BEE4A1B009BEAF0 /* Release */ = {
			isa = XCBuildConfiguration;
			buildSettings = {
				ASSETCATALOG_COMPILER_APPICON_NAME = AppIcon;
				INFOPLIST_FILE = 2_UIButton/Info.plist;
				LD_RUNPATH_SEARCH_PATHS = "$(inherited) @executable_path/Frameworks";
				PRODUCT_BUNDLE_IDENTIFIER = "YH.--UIButton";
				PRODUCT_NAME = "$(TARGET_NAME)";
			};
			name = Release;
		};
/* End XCBuildConfiguration section */

/* Begin XCConfigurationList section */
		189129601BEE4A1B009BEAF0 /* Build configuration list for PBXProject "2_UIButton" */ = {
			isa = XCConfigurationList;
			buildConfigurations = (
				189129751BEE4A1B009BEAF0 /* Debug */,
				189129761BEE4A1B009BEAF0 /* Release */,
			);
			defaultConfigurationIsVisible = 0;
			defaultConfigurationName = Release;
		};
		189129771BEE4A1B009BEAF0 /* Build configuration list for PBXNativeTarget "2_UIButton" */ = {
			isa = XCConfigurationList;
			buildConfigurations = (
				189129781BEE4A1B009BEAF0 /* Debug */,
				189129791BEE4A1B009BEAF0 /* Release */,
			);
			defaultConfigurationIsVisible = 0;
		};
/* End XCConfigurationList section */
	};
	rootObject = 1891295D1BEE4A1B009BEAF0 /* Project object */;
}
