// !$*UTF8*$!
{
	archiveVersion = 1;
	classes = {
	};
	objectVersion = 46;
	objects = {

/* Begin PBXBuildFile section */
		188904481C423378007E2322 /* AppDelegate.swift in Sources */ = {isa = PBXBuildFile; fileRef = 188904471C423378007E2322 /* AppDelegate.swift */; };
		1889044A1C423378007E2322 /* ViewController.swift in Sources */ = {isa = PBXBuildFile; fileRef = 188904491C423378007E2322 /* ViewController.swift */; };
		1889044D1C423378007E2322 /* Main.storyboard in Resources */ = {isa = PBXBuildFile; fileRef = 1889044B1C423378007E2322 /* Main.storyboard */; };
		1889044F1C423378007E2322 /* Assets.xcassets in Resources */ = {isa = PBXBuildFile; fileRef = 1889044E1C423378007E2322 /* Assets.xcassets */; };
		188904521C423378007E2322 /* LaunchScreen.storyboard in Resources */ = {isa = PBXBuildFile; fileRef = 188904501C423378007E2322 /* LaunchScreen.storyboard */; };
/* End PBXBuildFile section */

/* Begin PBXFileReference section */
		188904441C423377007E2322 /* 33_UIStackView.app */ = {isa = PBXFileReference; explicitFileType = wrapper.application; includeInIndex = 0; path = 33_UIStackView.app; sourceTree = BUILT_PRODUCTS_DIR; };
		188904471C423378007E2322 /* AppDelegate.swift */ = {isa = PBXFileReference; lastKnownFileType = sourcecode.swift; path = AppDelegate.swift; sourceTree = "<group>"; };
		188904491C423378007E2322 /* ViewController.swift */ = {isa = PBXFileReference; lastKnownFileType = sourcecode.swift; path = ViewController.swift; sourceTree = "<group>"; };
		1889044C1C423378007E2322 /* Base */ = {isa = PBXFileReference; lastKnownFileType = file.storyboard; name = Base; path = Base.lproj/Main.storyboard; sourceTree = "<group>"; };
		1889044E1C423378007E2322 /* Assets.xcassets */ = {isa = PBXFileReference; lastKnownFileType = folder.assetcatalog; path = Assets.xcassets; sourceTree = "<group>"; };
		188904511C423378007E2322 /* Base */ = {isa = PBXFileReference; lastKnownFileType = file.storyboard; name = Base; path = Base.lproj/LaunchScreen.storyboard; sourceTree = "<group>"; };
		188904531C423378007E2322 /* Info.plist */ = {isa = PBXFileReference; lastKnownFileType = text.plist.xml; path = Info.plist; sourceTree = "<group>"; };
/* End PBXFileReference section */

/* Begin PBXFrameworksBuildPhase section */
		188904411C423377007E2322 /* Frameworks */ = {
			isa = PBXFrameworksBuildPhase;
			buildActionMask = 2147483647;
			files = (
			);
			runOnlyForDeploymentPostprocessing = 0;
		};
/* End PBXFrameworksBuildPhase section */

/* Begin PBXGroup section */
		1889043B1C423377007E2322 = {
			isa = PBXGroup;
			children = (
				188904461C423377007E2322 /* 33_UIStackView */,
				188904451C423377007E2322 /* Products */,
			);
			sourceTree = "<group>";
		};
		188904451C423377007E2322 /* Products */ = {
			isa = PBXGroup;
			children = (
				188904441C423377007E2322 /* 33_UIStackView.app */,
			);
			name = Products;
			sourceTree = "<group>";
		};
		188904461C423377007E2322 /* 33_UIStackView */ = {
			isa = PBXGroup;
			children = (
				188904471C423378007E2322 /* AppDelegate.swift */,
				188904491C423378007E2322 /* ViewController.swift */,
				1889044B1C423378007E2322 /* Main.storyboard */,
				1889044E1C423378007E2322 /* Assets.xcassets */,
				188904501C423378007E2322 /* LaunchScreen.storyboard */,
				188904531C423378007E2322 /* Info.plist */,
			);
			path = 33_UIStackView;
			sourceTree = "<group>";
		};
/* End PBXGroup section */

/* Begin PBXNativeTarget section */
		188904431C423377007E2322 /* 33_UIStackView */ = {
			isa = PBXNativeTarget;
			buildConfigurationList = 188904561C423378007E2322 /* Build configuration list for PBXNativeTarget "33_UIStackView" */;
			buildPhases = (
				188904401C423377007E2322 /* Sources */,
				188904411C423377007E2322 /* Frameworks */,
				188904421C423377007E2322 /* Resources */,
			);
			buildRules = (
			);
			dependencies = (
			);
			name = 33_UIStackView;
			productName = 33_UIStackView;
			productReference = 188904441C423377007E2322 /* 33_UIStackView.app */;
			productType = "com.apple.product-type.application";
		};
/* End PBXNativeTarget section */

/* Begin PBXProject section */
		1889043C1C423377007E2322 /* Project object */ = {
			isa = PBXProject;
			attributes = {
				LastSwiftUpdateCheck = 0710;
				LastUpgradeCheck = 0710;
				ORGANIZATIONNAME = apple;
				TargetAttributes = {
					188904431C423377007E2322 = {
						CreatedOnToolsVersion = 7.1;
					};
				};
			};
			buildConfigurationList = 1889043F1C423377007E2322 /* Build configuration list for PBXProject "33_UIStackView" */;
			compatibilityVersion = "Xcode 3.2";
			developmentRegion = English;
			hasScannedForEncodings = 0;
			knownRegions = (
				en,
				Base,
			);
			mainGroup = 1889043B1C423377007E2322;
			productRefGroup = 188904451C423377007E2322 /* Products */;
			projectDirPath = "";
			projectRoot = "";
			targets = (
				188904431C423377007E2322 /* 33_UIStackView */,
			);
		};
/* End PBXProject section */

/* Begin PBXResourcesBuildPhase section */
		188904421C423377007E2322 /* Resources */ = {
			isa = PBXResourcesBuildPhase;
			buildActionMask = 2147483647;
			files = (
				188904521C423378007E2322 /* LaunchScreen.storyboard in Resources */,
				1889044F1C423378007E2322 /* Assets.xcassets in Resources */,
				1889044D1C423378007E2322 /* Main.storyboard in Resources */,
			);
			runOnlyForDeploymentPostprocessing = 0;
		};
/* End PBXResourcesBuildPhase section */

/* Begin PBXSourcesBuildPhase section */
		188904401C423377007E2322 /* Sources */ = {
			isa = PBXSourcesBuildPhase;
			buildActionMask = 2147483647;
			files = (
				1889044A1C423378007E2322 /* ViewController.swift in Sources */,
				188904481C423378007E2322 /* AppDelegate.swift in Sources */,
			);
			runOnlyForDeploymentPostprocessing = 0;
		};
/* End PBXSourcesBuildPhase section */

/* Begin PBXVariantGroup section */
		1889044B1C423378007E2322 /* Main.storyboard */ = {
			isa = PBXVariantGroup;
			children = (
				1889044C1C423378007E2322 /* Base */,
			);
			name = Main.storyboard;
			sourceTree = "<group>";
		};
		188904501C423378007E2322 /* LaunchScreen.storyboard */ = {
			isa = PBXVariantGroup;
			children = (
				188904511C423378007E2322 /* Base */,
			);
			name = LaunchScreen.storyboard;
			sourceTree = "<group>";
		};
/* End PBXVariantGroup section */

/* Begin XCBuildConfiguration section */
		188904541C423378007E2322 /* Debug */ = {
			isa = XCBuildConfiguration;
			buildSettings = {
				ALWAYS_SEARCH_USER_PATHS = NO;
				CLANG_CXX_LANGUAGE_STANDARD = "gnu++0x";
				CLANG_CXX_LIBRARY = "libc++";
				CLANG_ENABLE_MODULES = YES;
				CLANG_ENABLE_OBJC_ARC = YES;
				CLANG_WARN_BOOL_CONVERSION = YES;
				CLANG_WARN_CONSTANT_CONVERSION = YES;
				CLANG_WARN_DIRECT_OBJC_ISA_USAGE = YES_ERROR;
				CLANG_WARN_EMPTY_BODY = YES;
				CLANG_WARN_ENUM_CONVERSION = YES;
				CLANG_WARN_INT_CONVERSION = YES;
				CLANG_WARN_OBJC_ROOT_CLASS = YES_ERROR;
				CLANG_WARN_UNREACHABLE_CODE = YES;
				CLANG_WARN__DUPLICATE_METHOD_MATCH = YES;
				"CODE_SIGN_IDENTITY[sdk=iphoneos*]" = "iPhone Developer";
				COPY_PHASE_STRIP = NO;
				DEBUG_INFORMATION_FORMAT = dwarf;
				ENABLE_STRICT_OBJC_MSGSEND = YES;
				ENABLE_TESTABILITY = YES;
				GCC_C_LANGUAGE_STANDARD = gnu99;
				GCC_DYNAMIC_NO_PIC = NO;
				GCC_NO_COMMON_BLOCKS = YES;
				GCC_OPTIMIZATION_LEVEL = 0;
				GCC_PREPROCESSOR_DEFINITIONS = (
					"DEBUG=1",
					"$(inherited)",
				);
				GCC_WARN_64_TO_32_BIT_CONVERSION = YES;
				GCC_WARN_ABOUT_RETURN_TYPE = YES_ERROR;
				GCC_WARN_UNDECLARED_SELECTOR = YES;
				GCC_WARN_UNINITIALIZED_AUTOS = YES_AGGRESSIVE;
				GCC_WARN_UNUSED_FUNCTION = YES;
				GCC_WARN_UNUSED_VARIABLE = YES;
				IPHONEOS_DEPLOYMENT_TARGET = 9.1;
				MTL_ENABLE_DEBUG_INFO = YES;
				ONLY_ACTIVE_ARCH = YES;
				SDKROOT = iphoneos;
				SWIFT_OPTIMIZATION_LEVEL = "-Onone";
			};
			name = Debug;
		};
		188904551C423378007E2322 /* Release */ = {
			isa = XCBuildConfiguration;
			buildSettings = {
				ALWAYS_SEARCH_USER_PATHS = NO;
				CLANG_CXX_LANGUAGE_STANDARD = "gnu++0x";
				CLANG_CXX_LIBRARY = "libc++";
				CLANG_ENABLE_MODULES = YES;
				CLANG_ENABLE_OBJC_ARC = YES;
				CLANG_WARN_BOOL_CONVERSION = YES;
				CLANG_WARN_CONSTANT_CONVERSION = YES;
				CLANG_WARN_DIRECT_OBJC_ISA_USAGE = YES_ERROR;
				CLANG_WARN_EMPTY_BODY = YES;
				CLANG_WARN_ENUM_CONVERSION = YES;
				CLANG_WARN_INT_CONVERSION = YES;
				CLANG_WARN_OBJC_ROOT_CLASS = YES_ERROR;
				CLANG_WARN_UNREACHABLE_CODE = YES;
				CLANG_WARN__DUPLICATE_METHOD_MATCH = YES;
				"CODE_SIGN_IDENTITY[sdk=iphoneos*]" = "iPhone Developer";
				COPY_PHASE_STRIP = NO;
				DEBUG_INFORMATION_FORMAT = "dwarf-with-dsym";
				ENABLE_NS_ASSERTIONS = NO;
				ENABLE_STRICT_OBJC_MSGSEND = YES;
				GCC_C_LANGUAGE_STANDARD = gnu99;
				GCC_NO_COMMON_BLOCKS = YES;
				GCC_WARN_64_TO_32_BIT_CONVERSION = YES;
				GCC_WARN_ABOUT_RETURN_TYPE = YES_ERROR;
				GCC_WARN_UNDECLARED_SELECTOR = YES;
				GCC_WARN_UNINITIALIZED_AUTOS = YES_AGGRESSIVE;
				GCC_WARN_UNUSED_FUNCTION = YES;
				GCC_WARN_UNUSED_VARIABLE = YES;
				IPHONEOS_DEPLOYMENT_TARGET = 9.1;
				MTL_ENABLE_DEBUG_INFO = NO;
				SDKROOT = iphoneos;
				VALIDATE_PRODUCT = YES;
			};
			name = Release;
		};
		188904571C423378007E2322 /* Debug */ = {
			isa = XCBuildConfiguration;
			buildSettings = {
				ASSETCATALOG_COMPILER_APPICON_NAME = AppIcon;
				INFOPLIST_FILE = 33_UIStackView/Info.plist;
				LD_RUNPATH_SEARCH_PATHS = "$(inherited) @executable_path/Frameworks";
				PRODUCT_BUNDLE_IDENTIFIER = "YH.-3-UIStackView";
				PRODUCT_NAME = "$(TARGET_NAME)";
			};
			name = Debug;
		};
		188904581C423378007E2322 /* Release */ = {
			isa = XCBuildConfiguration;
			buildSettings = {
				ASSETCATALOG_COMPILER_APPICON_NAME = AppIcon;
				INFOPLIST_FILE = 33_UIStackView/Info.plist;
				LD_RUNPATH_SEARCH_PATHS = "$(inherited) @executable_path/Frameworks";
				PRODUCT_BUNDLE_IDENTIFIER = "YH.-3-UIStackView";
				PRODUCT_NAME = "$(TARGET_NAME)";
			};
			name = Release;
		};
/* End XCBuildConfiguration section */

/* Begin XCConfigurationList section */
		1889043F1C423377007E2322 /* Build configuration list for PBXProject "33_UIStackView" */ = {
			isa = XCConfigurationList;
			buildConfigurations = (
				188904541C423378007E2322 /* Debug */,
				188904551C423378007E2322 /* Release */,
			);
			defaultConfigurationIsVisible = 0;
			defaultConfigurationName = Release;
		};
		188904561C423378007E2322 /* Build configuration list for PBXNativeTarget "33_UIStackView" */ = {
			isa = XCConfigurationList;
			buildConfigurations = (
				188904571C423378007E2322 /* Debug */,
				188904581C423378007E2322 /* Release */,
			);
			defaultConfigurationIsVisible = 0;
		};
/* End XCConfigurationList section */
	};
	rootObject = 1889043C1C423377007E2322 /* Project object */;
}
