// !$*UTF8*$!
{
	archiveVersion = 1;
	classes = {
	};
	objectVersion = 46;
	objects = {

/* Begin PBXBuildFile section */
		1886D5EE1C0F29BA000FFFE4 /* AppDelegate.swift in Sources */ = {isa = PBXBuildFile; fileRef = 1886D5ED1C0F29BA000FFFE4 /* AppDelegate.swift */; };
		1886D5F01C0F29BA000FFFE4 /* ViewController.swift in Sources */ = {isa = PBXBuildFile; fileRef = 1886D5EF1C0F29BA000FFFE4 /* ViewController.swift */; };
		1886D5F31C0F29BA000FFFE4 /* Main.storyboard in Resources */ = {isa = PBXBuildFile; fileRef = 1886D5F11C0F29BA000FFFE4 /* Main.storyboard */; };
		1886D5F51C0F29BA000FFFE4 /* Assets.xcassets in Resources */ = {isa = PBXBuildFile; fileRef = 1886D5F41C0F29BA000FFFE4 /* Assets.xcassets */; };
		1886D5F81C0F29BA000FFFE4 /* LaunchScreen.storyboard in Resources */ = {isa = PBXBuildFile; fileRef = 1886D5F61C0F29BA000FFFE4 /* LaunchScreen.storyboard */; };
		1886D6001C0F2A7A000FFFE4 /* 屏幕快照 2015-12-02 下午9.28.43.png in Resources */ = {isa = PBXBuildFile; fileRef = 1886D5FF1C0F2A7A000FFFE4 /* 屏幕快照 2015-12-02 下午9.28.43.png */; };
/* End PBXBuildFile section */

/* Begin PBXFileReference section */
		1886D5EA1C0F29BA000FFFE4 /* 14_UISlider的实操.app */ = {isa = PBXFileReference; explicitFileType = wrapper.application; includeInIndex = 0; path = "14_UISlider的实操.app"; sourceTree = BUILT_PRODUCTS_DIR; };
		1886D5ED1C0F29BA000FFFE4 /* AppDelegate.swift */ = {isa = PBXFileReference; lastKnownFileType = sourcecode.swift; path = AppDelegate.swift; sourceTree = "<group>"; };
		1886D5EF1C0F29BA000FFFE4 /* ViewController.swift */ = {isa = PBXFileReference; lastKnownFileType = sourcecode.swift; path = ViewController.swift; sourceTree = "<group>"; };
		1886D5F21C0F29BA000FFFE4 /* Base */ = {isa = PBXFileReference; lastKnownFileType = file.storyboard; name = Base; path = Base.lproj/Main.storyboard; sourceTree = "<group>"; };
		1886D5F41C0F29BA000FFFE4 /* Assets.xcassets */ = {isa = PBXFileReference; lastKnownFileType = folder.assetcatalog; path = Assets.xcassets; sourceTree = "<group>"; };
		1886D5F71C0F29BA000FFFE4 /* Base */ = {isa = PBXFileReference; lastKnownFileType = file.storyboard; name = Base; path = Base.lproj/LaunchScreen.storyboard; sourceTree = "<group>"; };
		1886D5F91C0F29BA000FFFE4 /* Info.plist */ = {isa = PBXFileReference; lastKnownFileType = text.plist.xml; path = Info.plist; sourceTree = "<group>"; };
		1886D5FF1C0F2A7A000FFFE4 /* 屏幕快照 2015-12-02 下午9.28.43.png */ = {isa = PBXFileReference; lastKnownFileType = image.png; path = "屏幕快照 2015-12-02 下午9.28.43.png"; sourceTree = "<group>"; };
/* End PBXFileReference section */

/* Begin PBXFrameworksBuildPhase section */
		1886D5E71C0F29BA000FFFE4 /* Frameworks */ = {
			isa = PBXFrameworksBuildPhase;
			buildActionMask = 2147483647;
			files = (
			);
			runOnlyForDeploymentPostprocessing = 0;
		};
/* End PBXFrameworksBuildPhase section */

/* Begin PBXGroup section */
		1886D5E11C0F29BA000FFFE4 = {
			isa = PBXGroup;
			children = (
				1886D5EC1C0F29BA000FFFE4 /* 14_UISlider的实操 */,
				1886D5EB1C0F29BA000FFFE4 /* Products */,
			);
			sourceTree = "<group>";
		};
		1886D5EB1C0F29BA000FFFE4 /* Products */ = {
			isa = PBXGroup;
			children = (
				1886D5EA1C0F29BA000FFFE4 /* 14_UISlider的实操.app */,
			);
			name = Products;
			sourceTree = "<group>";
		};
		1886D5EC1C0F29BA000FFFE4 /* 14_UISlider的实操 */ = {
			isa = PBXGroup;
			children = (
				1886D5ED1C0F29BA000FFFE4 /* AppDelegate.swift */,
				1886D5EF1C0F29BA000FFFE4 /* ViewController.swift */,
				1886D5FF1C0F2A7A000FFFE4 /* 屏幕快照 2015-12-02 下午9.28.43.png */,
				1886D5F11C0F29BA000FFFE4 /* Main.storyboard */,
				1886D5F41C0F29BA000FFFE4 /* Assets.xcassets */,
				1886D5F61C0F29BA000FFFE4 /* LaunchScreen.storyboard */,
				1886D5F91C0F29BA000FFFE4 /* Info.plist */,
			);
			path = "14_UISlider的实操";
			sourceTree = "<group>";
		};
/* End PBXGroup section */

/* Begin PBXNativeTarget section */
		1886D5E91C0F29BA000FFFE4 /* 14_UISlider的实操 */ = {
			isa = PBXNativeTarget;
			buildConfigurationList = 1886D5FC1C0F29BA000FFFE4 /* Build configuration list for PBXNativeTarget "14_UISlider的实操" */;
			buildPhases = (
				1886D5E61C0F29BA000FFFE4 /* Sources */,
				1886D5E71C0F29BA000FFFE4 /* Frameworks */,
				1886D5E81C0F29BA000FFFE4 /* Resources */,
			);
			buildRules = (
			);
			dependencies = (
			);
			name = "14_UISlider的实操";
			productName = "14_UISlider的实操";
			productReference = 1886D5EA1C0F29BA000FFFE4 /* 14_UISlider的实操.app */;
			productType = "com.apple.product-type.application";
		};
/* End PBXNativeTarget section */

/* Begin PBXProject section */
		1886D5E21C0F29BA000FFFE4 /* Project object */ = {
			isa = PBXProject;
			attributes = {
				LastSwiftUpdateCheck = 0710;
				LastUpgradeCheck = 0710;
				ORGANIZATIONNAME = apple;
				TargetAttributes = {
					1886D5E91C0F29BA000FFFE4 = {
						CreatedOnToolsVersion = 7.1;
					};
				};
			};
			buildConfigurationList = 1886D5E51C0F29BA000FFFE4 /* Build configuration list for PBXProject "14_UISlider的实操" */;
			compatibilityVersion = "Xcode 3.2";
			developmentRegion = English;
			hasScannedForEncodings = 0;
			knownRegions = (
				en,
				Base,
			);
			mainGroup = 1886D5E11C0F29BA000FFFE4;
			productRefGroup = 1886D5EB1C0F29BA000FFFE4 /* Products */;
			projectDirPath = "";
			projectRoot = "";
			targets = (
				1886D5E91C0F29BA000FFFE4 /* 14_UISlider的实操 */,
			);
		};
/* End PBXProject section */

/* Begin PBXResourcesBuildPhase section */
		1886D5E81C0F29BA000FFFE4 /* Resources */ = {
			isa = PBXResourcesBuildPhase;
			buildActionMask = 2147483647;
			files = (
				1886D5F81C0F29BA000FFFE4 /* LaunchScreen.storyboard in Resources */,
				1886D5F51C0F29BA000FFFE4 /* Assets.xcassets in Resources */,
				1886D6001C0F2A7A000FFFE4 /* 屏幕快照 2015-12-02 下午9.28.43.png in Resources */,
				1886D5F31C0F29BA000FFFE4 /* Main.storyboard in Resources */,
			);
			runOnlyForDeploymentPostprocessing = 0;
		};
/* End PBXResourcesBuildPhase section */

/* Begin PBXSourcesBuildPhase section */
		1886D5E61C0F29BA000FFFE4 /* Sources */ = {
			isa = PBXSourcesBuildPhase;
			buildActionMask = 2147483647;
			files = (
				1886D5F01C0F29BA000FFFE4 /* ViewController.swift in Sources */,
				1886D5EE1C0F29BA000FFFE4 /* AppDelegate.swift in Sources */,
			);
			runOnlyForDeploymentPostprocessing = 0;
		};
/* End PBXSourcesBuildPhase section */

/* Begin PBXVariantGroup section */
		1886D5F11C0F29BA000FFFE4 /* Main.storyboard */ = {
			isa = PBXVariantGroup;
			children = (
				1886D5F21C0F29BA000FFFE4 /* Base */,
			);
			name = Main.storyboard;
			sourceTree = "<group>";
		};
		1886D5F61C0F29BA000FFFE4 /* LaunchScreen.storyboard */ = {
			isa = PBXVariantGroup;
			children = (
				1886D5F71C0F29BA000FFFE4 /* Base */,
			);
			name = LaunchScreen.storyboard;
			sourceTree = "<group>";
		};
/* End PBXVariantGroup section */

/* Begin XCBuildConfiguration section */
		1886D5FA1C0F29BA000FFFE4 /* Debug */ = {
			isa = XCBuildConfiguration;
			buildSettings = {
				ALWAYS_SEARCH_USER_PATHS = NO;
				CLANG_CXX_LANGUAGE_STANDARD = "gnu++0x";
				CLANG_CXX_LIBRARY = "libc++";
				CLANG_ENABLE_MODULES = YES;
				CLANG_ENABLE_OBJC_ARC = YES;
				CLANG_WARN_BOOL_CONVERSION = YES;
				CLANG_WARN_CONSTANT_CONVERSION = YES;
				CLANG_WARN_DIRECT_OBJC_ISA_USAGE = YES_ERROR;
				CLANG_WARN_EMPTY_BODY = YES;
				CLANG_WARN_ENUM_CONVERSION = YES;
				CLANG_WARN_INT_CONVERSION = YES;
				CLANG_WARN_OBJC_ROOT_CLASS = YES_ERROR;
				CLANG_WARN_UNREACHABLE_CODE = YES;
				CLANG_WARN__DUPLICATE_METHOD_MATCH = YES;
				"CODE_SIGN_IDENTITY[sdk=iphoneos*]" = "iPhone Developer";
				COPY_PHASE_STRIP = NO;
				DEBUG_INFORMATION_FORMAT = dwarf;
				ENABLE_STRICT_OBJC_MSGSEND = YES;
				ENABLE_TESTABILITY = YES;
				GCC_C_LANGUAGE_STANDARD = gnu99;
				GCC_DYNAMIC_NO_PIC = NO;
				GCC_NO_COMMON_BLOCKS = YES;
				GCC_OPTIMIZATION_LEVEL = 0;
				GCC_PREPROCESSOR_DEFINITIONS = (
					"DEBUG=1",
					"$(inherited)",
				);
				GCC_WARN_64_TO_32_BIT_CONVERSION = YES;
				GCC_WARN_ABOUT_RETURN_TYPE = YES_ERROR;
				GCC_WARN_UNDECLARED_SELECTOR = YES;
				GCC_WARN_UNINITIALIZED_AUTOS = YES_AGGRESSIVE;
				GCC_WARN_UNUSED_FUNCTION = YES;
				GCC_WARN_UNUSED_VARIABLE = YES;
				IPHONEOS_DEPLOYMENT_TARGET = 9.1;
				MTL_ENABLE_DEBUG_INFO = YES;
				ONLY_ACTIVE_ARCH = YES;
				SDKROOT = iphoneos;
				SWIFT_OPTIMIZATION_LEVEL = "-Onone";
				TARGETED_DEVICE_FAMILY = "1,2";
			};
			name = Debug;
		};
		1886D5FB1C0F29BA000FFFE4 /* Release */ = {
			isa = XCBuildConfiguration;
			buildSettings = {
				ALWAYS_SEARCH_USER_PATHS = NO;
				CLANG_CXX_LANGUAGE_STANDARD = "gnu++0x";
				CLANG_CXX_LIBRARY = "libc++";
				CLANG_ENABLE_MODULES = YES;
				CLANG_ENABLE_OBJC_ARC = YES;
				CLANG_WARN_BOOL_CONVERSION = YES;
				CLANG_WARN_CONSTANT_CONVERSION = YES;
				CLANG_WARN_DIRECT_OBJC_ISA_USAGE = YES_ERROR;
				CLANG_WARN_EMPTY_BODY = YES;
				CLANG_WARN_ENUM_CONVERSION = YES;
				CLANG_WARN_INT_CONVERSION = YES;
				CLANG_WARN_OBJC_ROOT_CLASS = YES_ERROR;
				CLANG_WARN_UNREACHABLE_CODE = YES;
				CLANG_WARN__DUPLICATE_METHOD_MATCH = YES;
				"CODE_SIGN_IDENTITY[sdk=iphoneos*]" = "iPhone Developer";
				COPY_PHASE_STRIP = NO;
				DEBUG_INFORMATION_FORMAT = "dwarf-with-dsym";
				ENABLE_NS_ASSERTIONS = NO;
				ENABLE_STRICT_OBJC_MSGSEND = YES;
				GCC_C_LANGUAGE_STANDARD = gnu99;
				GCC_NO_COMMON_BLOCKS = YES;
				GCC_WARN_64_TO_32_BIT_CONVERSION = YES;
				GCC_WARN_ABOUT_RETURN_TYPE = YES_ERROR;
				GCC_WARN_UNDECLARED_SELECTOR = YES;
				GCC_WARN_UNINITIALIZED_AUTOS = YES_AGGRESSIVE;
				GCC_WARN_UNUSED_FUNCTION = YES;
				GCC_WARN_UNUSED_VARIABLE = YES;
				IPHONEOS_DEPLOYMENT_TARGET = 9.1;
				MTL_ENABLE_DEBUG_INFO = NO;
				SDKROOT = iphoneos;
				TARGETED_DEVICE_FAMILY = "1,2";
				VALIDATE_PRODUCT = YES;
			};
			name = Release;
		};
		1886D5FD1C0F29BA000FFFE4 /* Debug */ = {
			isa = XCBuildConfiguration;
			buildSettings = {
				ASSETCATALOG_COMPILER_APPICON_NAME = AppIcon;
				INFOPLIST_FILE = "14_UISlider的实操/Info.plist";
				LD_RUNPATH_SEARCH_PATHS = "$(inherited) @executable_path/Frameworks";
				PRODUCT_BUNDLE_IDENTIFIER = "YH.-4-UISlider---";
				PRODUCT_NAME = "$(TARGET_NAME)";
			};
			name = Debug;
		};
		1886D5FE1C0F29BA000FFFE4 /* Release */ = {
			isa = XCBuildConfiguration;
			buildSettings = {
				ASSETCATALOG_COMPILER_APPICON_NAME = AppIcon;
				INFOPLIST_FILE = "14_UISlider的实操/Info.plist";
				LD_RUNPATH_SEARCH_PATHS = "$(inherited) @executable_path/Frameworks";
				PRODUCT_BUNDLE_IDENTIFIER = "YH.-4-UISlider---";
				PRODUCT_NAME = "$(TARGET_NAME)";
			};
			name = Release;
		};
/* End XCBuildConfiguration section */

/* Begin XCConfigurationList section */
		1886D5E51C0F29BA000FFFE4 /* Build configuration list for PBXProject "14_UISlider的实操" */ = {
			isa = XCConfigurationList;
			buildConfigurations = (
				1886D5FA1C0F29BA000FFFE4 /* Debug */,
				1886D5FB1C0F29BA000FFFE4 /* Release */,
			);
			defaultConfigurationIsVisible = 0;
			defaultConfigurationName = Release;
		};
		1886D5FC1C0F29BA000FFFE4 /* Build configuration list for PBXNativeTarget "14_UISlider的实操" */ = {
			isa = XCConfigurationList;
			buildConfigurations = (
				1886D5FD1C0F29BA000FFFE4 /* Debug */,
				1886D5FE1C0F29BA000FFFE4 /* Release */,
			);
			defaultConfigurationIsVisible = 0;
		};
/* End XCConfigurationList section */
	};
	rootObject = 1886D5E21C0F29BA000FFFE4 /* Project object */;
}
