// !$*UTF8*$!
{
	archiveVersion = 1;
	classes = {
	};
	objectVersion = 46;
	objects = {

/* Begin PBXBuildFile section */
		1898BCFD1C3BF91800B1A59D /* AppDelegate.swift in Sources */ = {isa = PBXBuildFile; fileRef = 1898BCFC1C3BF91800B1A59D /* AppDelegate.swift */; };
		1898BCFF1C3BF91800B1A59D /* ViewController.swift in Sources */ = {isa = PBXBuildFile; fileRef = 1898BCFE1C3BF91800B1A59D /* ViewController.swift */; };
		1898BD021C3BF91800B1A59D /* Main.storyboard in Resources */ = {isa = PBXBuildFile; fileRef = 1898BD001C3BF91800B1A59D /* Main.storyboard */; };
		1898BD041C3BF91800B1A59D /* Assets.xcassets in Resources */ = {isa = PBXBuildFile; fileRef = 1898BD031C3BF91800B1A59D /* Assets.xcassets */; };
		1898BD071C3BF91900B1A59D /* LaunchScreen.storyboard in Resources */ = {isa = PBXBuildFile; fileRef = 1898BD051C3BF91900B1A59D /* LaunchScreen.storyboard */; };
/* End PBXBuildFile section */

/* Begin PBXFileReference section */
		1898BCF91C3BF91800B1A59D /* 29_UICollectionView上.app */ = {isa = PBXFileReference; explicitFileType = wrapper.application; includeInIndex = 0; path = "29_UICollectionView上.app"; sourceTree = BUILT_PRODUCTS_DIR; };
		1898BCFC1C3BF91800B1A59D /* AppDelegate.swift */ = {isa = PBXFileReference; lastKnownFileType = sourcecode.swift; path = AppDelegate.swift; sourceTree = "<group>"; };
		1898BCFE1C3BF91800B1A59D /* ViewController.swift */ = {isa = PBXFileReference; lastKnownFileType = sourcecode.swift; path = ViewController.swift; sourceTree = "<group>"; };
		1898BD011C3BF91800B1A59D /* Base */ = {isa = PBXFileReference; lastKnownFileType = file.storyboard; name = Base; path = Base.lproj/Main.storyboard; sourceTree = "<group>"; };
		1898BD031C3BF91800B1A59D /* Assets.xcassets */ = {isa = PBXFileReference; lastKnownFileType = folder.assetcatalog; path = Assets.xcassets; sourceTree = "<group>"; };
		1898BD061C3BF91900B1A59D /* Base */ = {isa = PBXFileReference; lastKnownFileType = file.storyboard; name = Base; path = Base.lproj/LaunchScreen.storyboard; sourceTree = "<group>"; };
		1898BD081C3BF91900B1A59D /* Info.plist */ = {isa = PBXFileReference; lastKnownFileType = text.plist.xml; path = Info.plist; sourceTree = "<group>"; };
/* End PBXFileReference section */

/* Begin PBXFrameworksBuildPhase section */
		1898BCF61C3BF91800B1A59D /* Frameworks */ = {
			isa = PBXFrameworksBuildPhase;
			buildActionMask = 2147483647;
			files = (
			);
			runOnlyForDeploymentPostprocessing = 0;
		};
/* End PBXFrameworksBuildPhase section */

/* Begin PBXGroup section */
		1898BCF01C3BF91800B1A59D = {
			isa = PBXGroup;
			children = (
				1898BCFB1C3BF91800B1A59D /* 29_UICollectionView上 */,
				1898BCFA1C3BF91800B1A59D /* Products */,
			);
			sourceTree = "<group>";
		};
		1898BCFA1C3BF91800B1A59D /* Products */ = {
			isa = PBXGroup;
			children = (
				1898BCF91C3BF91800B1A59D /* 29_UICollectionView上.app */,
			);
			name = Products;
			sourceTree = "<group>";
		};
		1898BCFB1C3BF91800B1A59D /* 29_UICollectionView上 */ = {
			isa = PBXGroup;
			children = (
				1898BCFC1C3BF91800B1A59D /* AppDelegate.swift */,
				1898BCFE1C3BF91800B1A59D /* ViewController.swift */,
				1898BD001C3BF91800B1A59D /* Main.storyboard */,
				1898BD031C3BF91800B1A59D /* Assets.xcassets */,
				1898BD051C3BF91900B1A59D /* LaunchScreen.storyboard */,
				1898BD081C3BF91900B1A59D /* Info.plist */,
			);
			path = "29_UICollectionView上";
			sourceTree = "<group>";
		};
/* End PBXGroup section */

/* Begin PBXNativeTarget section */
		1898BCF81C3BF91800B1A59D /* 29_UICollectionView上 */ = {
			isa = PBXNativeTarget;
			buildConfigurationList = 1898BD0B1C3BF91900B1A59D /* Build configuration list for PBXNativeTarget "29_UICollectionView上" */;
			buildPhases = (
				1898BCF51C3BF91800B1A59D /* Sources */,
				1898BCF61C3BF91800B1A59D /* Frameworks */,
				1898BCF71C3BF91800B1A59D /* Resources */,
			);
			buildRules = (
			);
			dependencies = (
			);
			name = "29_UICollectionView上";
			productName = "29_UICollectionView上";
			productReference = 1898BCF91C3BF91800B1A59D /* 29_UICollectionView上.app */;
			productType = "com.apple.product-type.application";
		};
/* End PBXNativeTarget section */

/* Begin PBXProject section */
		1898BCF11C3BF91800B1A59D /* Project object */ = {
			isa = PBXProject;
			attributes = {
				LastSwiftUpdateCheck = 0710;
				LastUpgradeCheck = 0710;
				ORGANIZATIONNAME = apple;
				TargetAttributes = {
					1898BCF81C3BF91800B1A59D = {
						CreatedOnToolsVersion = 7.1;
					};
				};
			};
			buildConfigurationList = 1898BCF41C3BF91800B1A59D /* Build configuration list for PBXProject "29_UICollectionView上" */;
			compatibilityVersion = "Xcode 3.2";
			developmentRegion = English;
			hasScannedForEncodings = 0;
			knownRegions = (
				en,
				Base,
			);
			mainGroup = 1898BCF01C3BF91800B1A59D;
			productRefGroup = 1898BCFA1C3BF91800B1A59D /* Products */;
			projectDirPath = "";
			projectRoot = "";
			targets = (
				1898BCF81C3BF91800B1A59D /* 29_UICollectionView上 */,
			);
		};
/* End PBXProject section */

/* Begin PBXResourcesBuildPhase section */
		1898BCF71C3BF91800B1A59D /* Resources */ = {
			isa = PBXResourcesBuildPhase;
			buildActionMask = 2147483647;
			files = (
				1898BD071C3BF91900B1A59D /* LaunchScreen.storyboard in Resources */,
				1898BD041C3BF91800B1A59D /* Assets.xcassets in Resources */,
				1898BD021C3BF91800B1A59D /* Main.storyboard in Resources */,
			);
			runOnlyForDeploymentPostprocessing = 0;
		};
/* End PBXResourcesBuildPhase section */

/* Begin PBXSourcesBuildPhase section */
		1898BCF51C3BF91800B1A59D /* Sources */ = {
			isa = PBXSourcesBuildPhase;
			buildActionMask = 2147483647;
			files = (
				1898BCFF1C3BF91800B1A59D /* ViewController.swift in Sources */,
				1898BCFD1C3BF91800B1A59D /* AppDelegate.swift in Sources */,
			);
			runOnlyForDeploymentPostprocessing = 0;
		};
/* End PBXSourcesBuildPhase section */

/* Begin PBXVariantGroup section */
		1898BD001C3BF91800B1A59D /* Main.storyboard */ = {
			isa = PBXVariantGroup;
			children = (
				1898BD011C3BF91800B1A59D /* Base */,
			);
			name = Main.storyboard;
			sourceTree = "<group>";
		};
		1898BD051C3BF91900B1A59D /* LaunchScreen.storyboard */ = {
			isa = PBXVariantGroup;
			children = (
				1898BD061C3BF91900B1A59D /* Base */,
			);
			name = LaunchScreen.storyboard;
			sourceTree = "<group>";
		};
/* End PBXVariantGroup section */

/* Begin XCBuildConfiguration section */
		1898BD091C3BF91900B1A59D /* Debug */ = {
			isa = XCBuildConfiguration;
			buildSettings = {
				ALWAYS_SEARCH_USER_PATHS = NO;
				CLANG_CXX_LANGUAGE_STANDARD = "gnu++0x";
				CLANG_CXX_LIBRARY = "libc++";
				CLANG_ENABLE_MODULES = YES;
				CLANG_ENABLE_OBJC_ARC = YES;
				CLANG_WARN_BOOL_CONVERSION = YES;
				CLANG_WARN_CONSTANT_CONVERSION = YES;
				CLANG_WARN_DIRECT_OBJC_ISA_USAGE = YES_ERROR;
				CLANG_WARN_EMPTY_BODY = YES;
				CLANG_WARN_ENUM_CONVERSION = YES;
				CLANG_WARN_INT_CONVERSION = YES;
				CLANG_WARN_OBJC_ROOT_CLASS = YES_ERROR;
				CLANG_WARN_UNREACHABLE_CODE = YES;
				CLANG_WARN__DUPLICATE_METHOD_MATCH = YES;
				"CODE_SIGN_IDENTITY[sdk=iphoneos*]" = "iPhone Developer";
				COPY_PHASE_STRIP = NO;
				DEBUG_INFORMATION_FORMAT = dwarf;
				ENABLE_STRICT_OBJC_MSGSEND = YES;
				ENABLE_TESTABILITY = YES;
				GCC_C_LANGUAGE_STANDARD = gnu99;
				GCC_DYNAMIC_NO_PIC = NO;
				GCC_NO_COMMON_BLOCKS = YES;
				GCC_OPTIMIZATION_LEVEL = 0;
				GCC_PREPROCESSOR_DEFINITIONS = (
					"DEBUG=1",
					"$(inherited)",
				);
				GCC_WARN_64_TO_32_BIT_CONVERSION = YES;
				GCC_WARN_ABOUT_RETURN_TYPE = YES_ERROR;
				GCC_WARN_UNDECLARED_SELECTOR = YES;
				GCC_WARN_UNINITIALIZED_AUTOS = YES_AGGRESSIVE;
				GCC_WARN_UNUSED_FUNCTION = YES;
				GCC_WARN_UNUSED_VARIABLE = YES;
				IPHONEOS_DEPLOYMENT_TARGET = 9.1;
				MTL_ENABLE_DEBUG_INFO = YES;
				ONLY_ACTIVE_ARCH = YES;
				SDKROOT = iphoneos;
				SWIFT_OPTIMIZATION_LEVEL = "-Onone";
			};
			name = Debug;
		};
		1898BD0A1C3BF91900B1A59D /* Release */ = {
			isa = XCBuildConfiguration;
			buildSettings = {
				ALWAYS_SEARCH_USER_PATHS = NO;
				CLANG_CXX_LANGUAGE_STANDARD = "gnu++0x";
				CLANG_CXX_LIBRARY = "libc++";
				CLANG_ENABLE_MODULES = YES;
				CLANG_ENABLE_OBJC_ARC = YES;
				CLANG_WARN_BOOL_CONVERSION = YES;
				CLANG_WARN_CONSTANT_CONVERSION = YES;
				CLANG_WARN_DIRECT_OBJC_ISA_USAGE = YES_ERROR;
				CLANG_WARN_EMPTY_BODY = YES;
				CLANG_WARN_ENUM_CONVERSION = YES;
				CLANG_WARN_INT_CONVERSION = YES;
				CLANG_WARN_OBJC_ROOT_CLASS = YES_ERROR;
				CLANG_WARN_UNREACHABLE_CODE = YES;
				CLANG_WARN__DUPLICATE_METHOD_MATCH = YES;
				"CODE_SIGN_IDENTITY[sdk=iphoneos*]" = "iPhone Developer";
				COPY_PHASE_STRIP = NO;
				DEBUG_INFORMATION_FORMAT = "dwarf-with-dsym";
				ENABLE_NS_ASSERTIONS = NO;
				ENABLE_STRICT_OBJC_MSGSEND = YES;
				GCC_C_LANGUAGE_STANDARD = gnu99;
				GCC_NO_COMMON_BLOCKS = YES;
				GCC_WARN_64_TO_32_BIT_CONVERSION = YES;
				GCC_WARN_ABOUT_RETURN_TYPE = YES_ERROR;
				GCC_WARN_UNDECLARED_SELECTOR = YES;
				GCC_WARN_UNINITIALIZED_AUTOS = YES_AGGRESSIVE;
				GCC_WARN_UNUSED_FUNCTION = YES;
				GCC_WARN_UNUSED_VARIABLE = YES;
				IPHONEOS_DEPLOYMENT_TARGET = 9.1;
				MTL_ENABLE_DEBUG_INFO = NO;
				SDKROOT = iphoneos;
				VALIDATE_PRODUCT = YES;
			};
			name = Release;
		};
		1898BD0C1C3BF91900B1A59D /* Debug */ = {
			isa = XCBuildConfiguration;
			buildSettings = {
				ASSETCATALOG_COMPILER_APPICON_NAME = AppIcon;
				INFOPLIST_FILE = "29_UICollectionView上/Info.plist";
				LD_RUNPATH_SEARCH_PATHS = "$(inherited) @executable_path/Frameworks";
				PRODUCT_BUNDLE_IDENTIFIER = "YH.-9-UICollectionView-";
				PRODUCT_NAME = "$(TARGET_NAME)";
			};
			name = Debug;
		};
		1898BD0D1C3BF91900B1A59D /* Release */ = {
			isa = XCBuildConfiguration;
			buildSettings = {
				ASSETCATALOG_COMPILER_APPICON_NAME = AppIcon;
				INFOPLIST_FILE = "29_UICollectionView上/Info.plist";
				LD_RUNPATH_SEARCH_PATHS = "$(inherited) @executable_path/Frameworks";
				PRODUCT_BUNDLE_IDENTIFIER = "YH.-9-UICollectionView-";
				PRODUCT_NAME = "$(TARGET_NAME)";
			};
			name = Release;
		};
/* End XCBuildConfiguration section */

/* Begin XCConfigurationList section */
		1898BCF41C3BF91800B1A59D /* Build configuration list for PBXProject "29_UICollectionView上" */ = {
			isa = XCConfigurationList;
			buildConfigurations = (
				1898BD091C3BF91900B1A59D /* Debug */,
				1898BD0A1C3BF91900B1A59D /* Release */,
			);
			defaultConfigurationIsVisible = 0;
			defaultConfigurationName = Release;
		};
		1898BD0B1C3BF91900B1A59D /* Build configuration list for PBXNativeTarget "29_UICollectionView上" */ = {
			isa = XCConfigurationList;
			buildConfigurations = (
				1898BD0C1C3BF91900B1A59D /* Debug */,
				1898BD0D1C3BF91900B1A59D /* Release */,
			);
			defaultConfigurationIsVisible = 0;
		};
/* End XCConfigurationList section */
	};
	rootObject = 1898BCF11C3BF91800B1A59D /* Project object */;
}
